Microsoft Visual Studio Solution File, Format Version 12.00
# Visual Studio 15
VisualStudioVersion = 15.0.26124.0
MinimumVisualStudioVersion = 15.0.26124.0
Project("{FAE04EC0-301F-11D3-BF4B-00C04F79EFBC}") = "Library", "Library\Library.csproj", "{64C804FB-EB0F-4646-BF0E-CC52B790E2D8}"
EndProject
Project("{FAE04EC0-301F-11D3-BF4B-00C04F79EFBC}") = "EngineLibrary", "EngineLibrary\EngineLibrary.csproj", "{886B3B05-F250-4E44-8389-856A740E5150}"
EndProject
Project("{FAE04EC0-301F-11D3-BF4B-00C04F79EFBC}") = "Engine", "Engine\Engine.csproj", "{7A587673-8619-431C-B6EB-D2CC7CDB5F7D}"
EndProject
Project("{FAE04EC0-301F-11D3-BF4B-00C04F79EFBC}") = "Client", "Client\Client.csproj", "{96CA9837-F7B2-4835-BCF9-40D8C8D4981E}"
EndProject
Project("{FAE04EC0-301F-11D3-BF4B-00C04F79EFBC}") = "Server", "Server\Server.csproj", "{96AB70CE-1B6A-4511-BDD3-3AADD4DAD15A}"
EndProject
Project("{2150E333-8FDC-42A3-9474-1A3956D46DE8}") = "Tools", "Tools", "{80D1CA69-294E-484F-8071-EE6D557A7C16}"
EndProject
Project("{FAE04EC0-301F-11D3-BF4B-00C04F79EFBC}") = "LibraryEditor", "Tools\LibraryEditor\LibraryEditor.csproj", "{A779B96A-AE74-47E7-B0CA-A02B26C1F61E}"
EndProject
Project("{FAE04EC0-301F-11D3-BF4B-00C04F79EFBC}") = "ImageManager", "Tools\ImageManager\ImageManager.csproj", "{AFE88EDC-61A2-429B-A338-14B3163797F9}"
EndProject
Global
	GlobalSection(SolutionConfigurationPlatforms) = preSolution
		Debug|Any CPU = Debug|Any CPU
		Debug|x64 = Debug|x64
		Debug|x86 = Debug|x86
		Release|Any CPU = Release|Any CPU
		Release|x64 = Release|x64
		Release|x86 = Release|x86
	EndGlobalSection
	GlobalSection(SolutionProperties) = preSolution
		HideSolutionNode = FALSE
	EndGlobalSection
	GlobalSection(ProjectConfigurationPlatforms) = postSolution
		{64C804FB-EB0F-4646-BF0E-CC52B790E2D8}.Debug|Any CPU.ActiveCfg = Debug|Any CPU
		{64C804FB-EB0F-4646-BF0E-CC52B790E2D8}.Debug|Any CPU.Build.0 = Debug|Any CPU
		{64C804FB-EB0F-4646-BF0E-CC52B790E2D8}.Debug|x64.ActiveCfg = Debug|Any CPU
		{64C804FB-EB0F-4646-BF0E-CC52B790E2D8}.Debug|x64.Build.0 = Debug|Any CPU
		{64C804FB-EB0F-4646-BF0E-CC52B790E2D8}.Debug|x86.ActiveCfg = Debug|Any CPU
		{64C804FB-EB0F-4646-BF0E-CC52B790E2D8}.Debug|x86.Build.0 = Debug|Any CPU
		{64C804FB-EB0F-4646-BF0E-CC52B790E2D8}.Release|Any CPU.ActiveCfg = Release|Any CPU
		{64C804FB-EB0F-4646-BF0E-CC52B790E2D8}.Release|Any CPU.Build.0 = Release|Any CPU
		{64C804FB-EB0F-4646-BF0E-CC52B790E2D8}.Release|x64.ActiveCfg = Release|Any CPU
		{64C804FB-EB0F-4646-BF0E-CC52B790E2D8}.Release|x64.Build.0 = Release|Any CPU
		{64C804FB-EB0F-4646-BF0E-CC52B790E2D8}.Release|x86.ActiveCfg = Release|Any CPU
		{64C804FB-EB0F-4646-BF0E-CC52B790E2D8}.Release|x86.Build.0 = Release|Any CPU
		{886B3B05-F250-4E44-8389-856A740E5150}.Debug|Any CPU.ActiveCfg = Debug|Any CPU
		{886B3B05-F250-4E44-8389-856A740E5150}.Debug|Any CPU.Build.0 = Debug|Any CPU
		{886B3B05-F250-4E44-8389-856A740E5150}.Debug|x64.ActiveCfg = Debug|Any CPU
		{886B3B05-F250-4E44-8389-856A740E5150}.Debug|x64.Build.0 = Debug|Any CPU
		{886B3B05-F250-4E44-8389-856A740E5150}.Debug|x86.ActiveCfg = Debug|Any CPU
		{886B3B05-F250-4E44-8389-856A740E5150}.Debug|x86.Build.0 = Debug|Any CPU
		{886B3B05-F250-4E44-8389-856A740E5150}.Release|Any CPU.ActiveCfg = Release|Any CPU
		{886B3B05-F250-4E44-8389-856A740E5150}.Release|Any CPU.Build.0 = Release|Any CPU
		{886B3B05-F250-4E44-8389-856A740E5150}.Release|x64.ActiveCfg = Release|Any CPU
		{886B3B05-F250-4E44-8389-856A740E5150}.Release|x64.Build.0 = Release|Any CPU
		{886B3B05-F250-4E44-8389-856A740E5150}.Release|x86.ActiveCfg = Release|Any CPU
		{886B3B05-F250-4E44-8389-856A740E5150}.Release|x86.Build.0 = Release|Any CPU
		{7A587673-8619-431C-B6EB-D2CC7CDB5F7D}.Debug|Any CPU.ActiveCfg = Debug|Any CPU
		{7A587673-8619-431C-B6EB-D2CC7CDB5F7D}.Debug|Any CPU.Build.0 = Debug|Any CPU
		{7A587673-8619-431C-B6EB-D2CC7CDB5F7D}.Debug|x64.ActiveCfg = Debug|Any CPU
		{7A587673-8619-431C-B6EB-D2CC7CDB5F7D}.Debug|x64.Build.0 = Debug|Any CPU
		{7A587673-8619-431C-B6EB-D2CC7CDB5F7D}.Debug|x86.ActiveCfg = Debug|Any CPU
		{7A587673-8619-431C-B6EB-D2CC7CDB5F7D}.Debug|x86.Build.0 = Debug|Any CPU
		{7A587673-8619-431C-B6EB-D2CC7CDB5F7D}.Release|Any CPU.ActiveCfg = Release|Any CPU
		{7A587673-8619-431C-B6EB-D2CC7CDB5F7D}.Release|Any CPU.Build.0 = Release|Any CPU
		{7A587673-8619-431C-B6EB-D2CC7CDB5F7D}.Release|x64.ActiveCfg = Release|Any CPU
		{7A587673-8619-431C-B6EB-D2CC7CDB5F7D}.Release|x64.Build.0 = Release|Any CPU
		{7A587673-8619-431C-B6EB-D2CC7CDB5F7D}.Release|x86.ActiveCfg = Release|Any CPU
		{7A587673-8619-431C-B6EB-D2CC7CDB5F7D}.Release|x86.Build.0 = Release|Any CPU
		{96CA9837-F7B2-4835-BCF9-40D8C8D4981E}.Debug|Any CPU.ActiveCfg = Debug|Any CPU
		{96CA9837-F7B2-4835-BCF9-40D8C8D4981E}.Debug|Any CPU.Build.0 = Debug|Any CPU
		{96CA9837-F7B2-4835-BCF9-40D8C8D4981E}.Debug|x64.ActiveCfg = Debug|Any CPU
		{96CA9837-F7B2-4835-BCF9-40D8C8D4981E}.Debug|x64.Build.0 = Debug|Any CPU
		{96CA9837-F7B2-4835-BCF9-40D8C8D4981E}.Debug|x86.ActiveCfg = Debug|Any CPU
		{96CA9837-F7B2-4835-BCF9-40D8C8D4981E}.Debug|x86.Build.0 = Debug|Any CPU
		{96CA9837-F7B2-4835-BCF9-40D8C8D4981E}.Release|Any CPU.ActiveCfg = Debug|Any CPU
		{96CA9837-F7B2-4835-BCF9-40D8C8D4981E}.Release|Any CPU.Build.0 = Debug|Any CPU
		{96CA9837-F7B2-4835-BCF9-40D8C8D4981E}.Release|x64.ActiveCfg = Debug|Any CPU
		{96CA9837-F7B2-4835-BCF9-40D8C8D4981E}.Release|x64.Build.0 = Debug|Any CPU
		{96CA9837-F7B2-4835-BCF9-40D8C8D4981E}.Release|x86.ActiveCfg = Debug|Any CPU
		{96CA9837-F7B2-4835-BCF9-40D8C8D4981E}.Release|x86.Build.0 = Debug|Any CPU
		{96AB70CE-1B6A-4511-BDD3-3AADD4DAD15A}.Debug|Any CPU.ActiveCfg = Debug|Any CPU
		{96AB70CE-1B6A-4511-BDD3-3AADD4DAD15A}.Debug|Any CPU.Build.0 = Debug|Any CPU
		{96AB70CE-1B6A-4511-BDD3-3AADD4DAD15A}.Debug|x64.ActiveCfg = Debug|Any CPU
		{96AB70CE-1B6A-4511-BDD3-3AADD4DAD15A}.Debug|x64.Build.0 = Debug|Any CPU
		{96AB70CE-1B6A-4511-BDD3-3AADD4DAD15A}.Debug|x86.ActiveCfg = Debug|Any CPU
		{96AB70CE-1B6A-4511-BDD3-3AADD4DAD15A}.Debug|x86.Build.0 = Debug|Any CPU
		{96AB70CE-1B6A-4511-BDD3-3AADD4DAD15A}.Release|Any CPU.ActiveCfg = Debug|Any CPU
		{96AB70CE-1B6A-4511-BDD3-3AADD4DAD15A}.Release|Any CPU.Build.0 = Debug|Any CPU
		{96AB70CE-1B6A-4511-BDD3-3AADD4DAD15A}.Release|x64.ActiveCfg = Debug|Any CPU
		{96AB70CE-1B6A-4511-BDD3-3AADD4DAD15A}.Release|x64.Build.0 = Debug|Any CPU
		{96AB70CE-1B6A-4511-BDD3-3AADD4DAD15A}.Release|x86.ActiveCfg = Debug|Any CPU
		{96AB70CE-1B6A-4511-BDD3-3AADD4DAD15A}.Release|x86.Build.0 = Debug|Any CPU
		{A779B96A-AE74-47E7-B0CA-A02B26C1F61E}.Debug|Any CPU.ActiveCfg = Debug|Any CPU
		{A779B96A-AE74-47E7-B0CA-A02B26C1F61E}.Debug|Any CPU.Build.0 = Debug|Any CPU
		{A779B96A-AE74-47E7-B0CA-A02B26C1F61E}.Debug|x64.ActiveCfg = Debug|Any CPU
		{A779B96A-AE74-47E7-B0CA-A02B26C1F61E}.Debug|x64.Build.0 = Debug|Any CPU
		{A779B96A-AE74-47E7-B0CA-A02B26C1F61E}.Debug|x86.ActiveCfg = Debug|Any CPU
		{A779B96A-AE74-47E7-B0CA-A02B26C1F61E}.Debug|x86.Build.0 = Debug|Any CPU
		{A779B96A-AE74-47E7-B0CA-A02B26C1F61E}.Release|Any CPU.ActiveCfg = Debug|Any CPU
		{A779B96A-AE74-47E7-B0CA-A02B26C1F61E}.Release|Any CPU.Build.0 = Debug|Any CPU
		{A779B96A-AE74-47E7-B0CA-A02B26C1F61E}.Release|x64.ActiveCfg = Debug|Any CPU
		{A779B96A-AE74-47E7-B0CA-A02B26C1F61E}.Release|x64.Build.0 = Debug|Any CPU
		{A779B96A-AE74-47E7-B0CA-A02B26C1F61E}.Release|x86.ActiveCfg = Debug|Any CPU
		{A779B96A-AE74-47E7-B0CA-A02B26C1F61E}.Release|x86.Build.0 = Debug|Any CPU
		{AFE88EDC-61A2-429B-A338-14B3163797F9}.Debug|Any CPU.ActiveCfg = Debug|Any CPU
		{AFE88EDC-61A2-429B-A338-14B3163797F9}.Debug|Any CPU.Build.0 = Debug|Any CPU
		{AFE88EDC-61A2-429B-A338-14B3163797F9}.Debug|x64.ActiveCfg = Debug|Any CPU
		{AFE88EDC-61A2-429B-A338-14B3163797F9}.Debug|x64.Build.0 = Debug|Any CPU
		{AFE88EDC-61A2-429B-A338-14B3163797F9}.Debug|x86.ActiveCfg = Debug|Any CPU
		{AFE88EDC-61A2-429B-A338-14B3163797F9}.Debug|x86.Build.0 = Debug|Any CPU
		{AFE88EDC-61A2-429B-A338-14B3163797F9}.Release|Any CPU.ActiveCfg = Debug|Any CPU
		{AFE88EDC-61A2-429B-A338-14B3163797F9}.Release|Any CPU.Build.0 = Debug|Any CPU
		{AFE88EDC-61A2-429B-A338-14B3163797F9}.Release|x64.ActiveCfg = Debug|Any CPU
		{AFE88EDC-61A2-429B-A338-14B3163797F9}.Release|x64.Build.0 = Debug|Any CPU
		{AFE88EDC-61A2-429B-A338-14B3163797F9}.Release|x86.ActiveCfg = Debug|Any CPU
		{AFE88EDC-61A2-429B-A338-14B3163797F9}.Release|x86.Build.0 = Debug|Any CPU
	EndGlobalSection
	GlobalSection(NestedProjects) = preSolution
		{A779B96A-AE74-47E7-B0CA-A02B26C1F61E} = {80D1CA69-294E-484F-8071-EE6D557A7C16}
		{AFE88EDC-61A2-429B-A338-14B3163797F9} = {80D1CA69-294E-484F-8071-EE6D557A7C16}
	EndGlobalSection
EndGlobal
