
Microsoft Visual Studio Solution File, Format Version 12.00
# Visual Studio Version 16
VisualStudioVersion = 16.6.30114.105
MinimumVisualStudioVersion = 10.0.40219.1
Project("{FAE04EC0-301F-11D3-BF4B-00C04F79EFBC}") = "LibraryCore", "LibraryCore\LibraryCore.csproj", "{186DF3CF-DAF8-4752-8DB8-13919C17208F}"
EndProject
Project("{FAE04EC0-301F-11D3-BF4B-00C04F79EFBC}") = "ServerLibrary", "ServerLibrary\ServerLibrary.csproj", "{8EEE47ED-828A-4BC5-8832-B323AA16A6A2}"
EndProject
Project("{FAE04EC0-301F-11D3-BF4B-00C04F79EFBC}") = "Engine", "Engine\Engine.csproj", "{B09FFA2F-2BD7-40F9-AC0D-75C9091D4159}"
EndProject
Project("{FAE04EC0-301F-11D3-BF4B-00C04F79EFBC}") = "Client", "Client\Client.csproj", "{96CA9837-F7B2-4835-BCF9-40D8C8D4981E}"
EndProject
Project("{FAE04EC0-301F-11D3-BF4B-00C04F79EFBC}") = "ImageManager", "ImageManager\ImageManager.csproj", "{AFE88EDC-61A2-429B-A338-14B3163797F9}"
EndProject
Project("{FAE04EC0-301F-11D3-BF4B-00C04F79EFBC}") = "LibraryEditor", "LibraryEditor\LibraryEditor.csproj", "{A779B96A-AE74-47E7-B0CA-A02B26C1F61E}"
EndProject
Global
	GlobalSection(SolutionConfigurationPlatforms) = preSolution
		Debug|Any CPU = Debug|Any CPU
		Debug|x64 = Debug|x64
		Debug|x86 = Debug|x86
		Release|Any CPU = Release|Any CPU
		Release|x64 = Release|x64
		Release|x86 = Release|x86
	EndGlobalSection
	GlobalSection(SolutionProperties) = preSolution
		HideSolutionNode = FALSE
	EndGlobalSection
	GlobalSection(ProjectConfigurationPlatforms) = postSolution
		{186DF3CF-DAF8-4752-8DB8-13919C17208F}.Debug|Any CPU.ActiveCfg = Debug|Any CPU
		{186DF3CF-DAF8-4752-8DB8-13919C17208F}.Debug|Any CPU.Build.0 = Debug|Any CPU
		{186DF3CF-DAF8-4752-8DB8-13919C17208F}.Debug|x64.ActiveCfg = Debug|Any CPU
		{186DF3CF-DAF8-4752-8DB8-13919C17208F}.Debug|x64.Build.0 = Debug|Any CPU
		{186DF3CF-DAF8-4752-8DB8-13919C17208F}.Debug|x86.ActiveCfg = Debug|Any CPU
		{186DF3CF-DAF8-4752-8DB8-13919C17208F}.Debug|x86.Build.0 = Debug|Any CPU
		{186DF3CF-DAF8-4752-8DB8-13919C17208F}.Release|Any CPU.ActiveCfg = Release|Any CPU
		{186DF3CF-DAF8-4752-8DB8-13919C17208F}.Release|Any CPU.Build.0 = Release|Any CPU
		{186DF3CF-DAF8-4752-8DB8-13919C17208F}.Release|x64.ActiveCfg = Release|Any CPU
		{186DF3CF-DAF8-4752-8DB8-13919C17208F}.Release|x64.Build.0 = Release|Any CPU
		{186DF3CF-DAF8-4752-8DB8-13919C17208F}.Release|x86.ActiveCfg = Release|Any CPU
		{186DF3CF-DAF8-4752-8DB8-13919C17208F}.Release|x86.Build.0 = Release|Any CPU
		{8EEE47ED-828A-4BC5-8832-B323AA16A6A2}.Debug|Any CPU.ActiveCfg = Debug|Any CPU
		{8EEE47ED-828A-4BC5-8832-B323AA16A6A2}.Debug|Any CPU.Build.0 = Debug|Any CPU
		{8EEE47ED-828A-4BC5-8832-B323AA16A6A2}.Debug|x64.ActiveCfg = Debug|Any CPU
		{8EEE47ED-828A-4BC5-8832-B323AA16A6A2}.Debug|x64.Build.0 = Debug|Any CPU
		{8EEE47ED-828A-4BC5-8832-B323AA16A6A2}.Debug|x86.ActiveCfg = Debug|Any CPU
		{8EEE47ED-828A-4BC5-8832-B323AA16A6A2}.Debug|x86.Build.0 = Debug|Any CPU
		{8EEE47ED-828A-4BC5-8832-B323AA16A6A2}.Release|Any CPU.ActiveCfg = Release|Any CPU
		{8EEE47ED-828A-4BC5-8832-B323AA16A6A2}.Release|Any CPU.Build.0 = Release|Any CPU
		{8EEE47ED-828A-4BC5-8832-B323AA16A6A2}.Release|x64.ActiveCfg = Release|Any CPU
		{8EEE47ED-828A-4BC5-8832-B323AA16A6A2}.Release|x64.Build.0 = Release|Any CPU
		{8EEE47ED-828A-4BC5-8832-B323AA16A6A2}.Release|x86.ActiveCfg = Release|Any CPU
		{8EEE47ED-828A-4BC5-8832-B323AA16A6A2}.Release|x86.Build.0 = Release|Any CPU
		{B09FFA2F-2BD7-40F9-AC0D-75C9091D4159}.Debug|Any CPU.ActiveCfg = Debug|Any CPU
		{B09FFA2F-2BD7-40F9-AC0D-75C9091D4159}.Debug|Any CPU.Build.0 = Debug|Any CPU
		{B09FFA2F-2BD7-40F9-AC0D-75C9091D4159}.Debug|x64.ActiveCfg = Debug|Any CPU
		{B09FFA2F-2BD7-40F9-AC0D-75C9091D4159}.Debug|x64.Build.0 = Debug|Any CPU
		{B09FFA2F-2BD7-40F9-AC0D-75C9091D4159}.Debug|x86.ActiveCfg = Debug|Any CPU
		{B09FFA2F-2BD7-40F9-AC0D-75C9091D4159}.Debug|x86.Build.0 = Debug|Any CPU
		{B09FFA2F-2BD7-40F9-AC0D-75C9091D4159}.Release|Any CPU.ActiveCfg = Release|Any CPU
		{B09FFA2F-2BD7-40F9-AC0D-75C9091D4159}.Release|Any CPU.Build.0 = Release|Any CPU
		{B09FFA2F-2BD7-40F9-AC0D-75C9091D4159}.Release|x64.ActiveCfg = Release|Any CPU
		{B09FFA2F-2BD7-40F9-AC0D-75C9091D4159}.Release|x64.Build.0 = Release|Any CPU
		{B09FFA2F-2BD7-40F9-AC0D-75C9091D4159}.Release|x86.ActiveCfg = Release|Any CPU
		{B09FFA2F-2BD7-40F9-AC0D-75C9091D4159}.Release|x86.Build.0 = Release|Any CPU
		{96CA9837-F7B2-4835-BCF9-40D8C8D4981E}.Debug|Any CPU.ActiveCfg = Debug|Any CPU
		{96CA9837-F7B2-4835-BCF9-40D8C8D4981E}.Debug|Any CPU.Build.0 = Debug|Any CPU
		{96CA9837-F7B2-4835-BCF9-40D8C8D4981E}.Debug|x64.ActiveCfg = Debug|Any CPU
		{96CA9837-F7B2-4835-BCF9-40D8C8D4981E}.Debug|x64.Build.0 = Debug|Any CPU
		{96CA9837-F7B2-4835-BCF9-40D8C8D4981E}.Debug|x86.ActiveCfg = Debug|Any CPU
		{96CA9837-F7B2-4835-BCF9-40D8C8D4981E}.Debug|x86.Build.0 = Debug|Any CPU
		{96CA9837-F7B2-4835-BCF9-40D8C8D4981E}.Release|Any CPU.ActiveCfg = Debug|Any CPU
		{96CA9837-F7B2-4835-BCF9-40D8C8D4981E}.Release|Any CPU.Build.0 = Debug|Any CPU
		{96CA9837-F7B2-4835-BCF9-40D8C8D4981E}.Release|x64.ActiveCfg = Debug|Any CPU
		{96CA9837-F7B2-4835-BCF9-40D8C8D4981E}.Release|x64.Build.0 = Debug|Any CPU
		{96CA9837-F7B2-4835-BCF9-40D8C8D4981E}.Release|x86.ActiveCfg = Debug|Any CPU
		{96CA9837-F7B2-4835-BCF9-40D8C8D4981E}.Release|x86.Build.0 = Debug|Any CPU
		{AFE88EDC-61A2-429B-A338-14B3163797F9}.Debug|Any CPU.ActiveCfg = Debug|Any CPU
		{AFE88EDC-61A2-429B-A338-14B3163797F9}.Debug|Any CPU.Build.0 = Debug|Any CPU
		{AFE88EDC-61A2-429B-A338-14B3163797F9}.Debug|x64.ActiveCfg = Debug|Any CPU
		{AFE88EDC-61A2-429B-A338-14B3163797F9}.Debug|x64.Build.0 = Debug|Any CPU
		{AFE88EDC-61A2-429B-A338-14B3163797F9}.Debug|x86.ActiveCfg = Debug|Any CPU
		{AFE88EDC-61A2-429B-A338-14B3163797F9}.Debug|x86.Build.0 = Debug|Any CPU
		{AFE88EDC-61A2-429B-A338-14B3163797F9}.Release|Any CPU.ActiveCfg = Debug|Any CPU
		{AFE88EDC-61A2-429B-A338-14B3163797F9}.Release|Any CPU.Build.0 = Debug|Any CPU
		{AFE88EDC-61A2-429B-A338-14B3163797F9}.Release|x64.ActiveCfg = Debug|Any CPU
		{AFE88EDC-61A2-429B-A338-14B3163797F9}.Release|x64.Build.0 = Debug|Any CPU
		{AFE88EDC-61A2-429B-A338-14B3163797F9}.Release|x86.ActiveCfg = Debug|Any CPU
		{AFE88EDC-61A2-429B-A338-14B3163797F9}.Release|x86.Build.0 = Debug|Any CPU
		{A779B96A-AE74-47E7-B0CA-A02B26C1F61E}.Debug|Any CPU.ActiveCfg = Debug|Any CPU
		{A779B96A-AE74-47E7-B0CA-A02B26C1F61E}.Debug|Any CPU.Build.0 = Debug|Any CPU
		{A779B96A-AE74-47E7-B0CA-A02B26C1F61E}.Debug|x64.ActiveCfg = Debug|Any CPU
		{A779B96A-AE74-47E7-B0CA-A02B26C1F61E}.Debug|x64.Build.0 = Debug|Any CPU
		{A779B96A-AE74-47E7-B0CA-A02B26C1F61E}.Debug|x86.ActiveCfg = Debug|Any CPU
		{A779B96A-AE74-47E7-B0CA-A02B26C1F61E}.Debug|x86.Build.0 = Debug|Any CPU
		{A779B96A-AE74-47E7-B0CA-A02B26C1F61E}.Release|Any CPU.ActiveCfg = Debug|Any CPU
		{A779B96A-AE74-47E7-B0CA-A02B26C1F61E}.Release|Any CPU.Build.0 = Debug|Any CPU
		{A779B96A-AE74-47E7-B0CA-A02B26C1F61E}.Release|x64.ActiveCfg = Debug|Any CPU
		{A779B96A-AE74-47E7-B0CA-A02B26C1F61E}.Release|x64.Build.0 = Debug|Any CPU
		{A779B96A-AE74-47E7-B0CA-A02B26C1F61E}.Release|x86.ActiveCfg = Debug|Any CPU
		{A779B96A-AE74-47E7-B0CA-A02B26C1F61E}.Release|x86.Build.0 = Debug|Any CPU
	EndGlobalSection
EndGlobal
